
Microsoft Visual Studio Solution File, Format Version 12.00
# Visual Studio Version 17
VisualStudioVersion = 17.6.33829.357
MinimumVisualStudioVersion = 10.0.40219.1
Project("{FAE04EC0-301F-11D3-BF4B-00C04F79EFBC}") = "testAAD", "testAAD\testAAD.csproj", "{C5BFAEBC-F3DA-48F7-8A0A-695E86B6D167}"
EndProject
Global
	GlobalSection(SolutionConfigurationPlatforms) = preSolution
		Debug|Any CPU = Debug|Any CPU
		Release|Any CPU = Release|Any CPU
	EndGlobalSection
	GlobalSection(ProjectConfigurationPlatforms) = postSolution
		{C5BFAEBC-F3DA-48F7-8A0A-695E86B6D167}.Debug|Any CPU.ActiveCfg = Debug|Any CPU
		{C5BFAEBC-F3DA-48F7-8A0A-695E86B6D167}.Debug|Any CPU.Build.0 = Debug|Any CPU
		{C5BFAEBC-F3DA-48F7-8A0A-695E86B6D167}.Release|Any CPU.ActiveCfg = Release|Any CPU
		{C5BFAEBC-F3DA-48F7-8A0A-695E86B6D167}.Release|Any CPU.Build.0 = Release|Any CPU
	EndGlobalSection
	GlobalSection(SolutionProperties) = preSolution
		HideSolutionNode = FALSE
	EndGlobalSection
	GlobalSection(ExtensibilityGlobals) = postSolution
		SolutionGuid = {8E79449A-8853-4D12-9E7D-8CC8BAFE883A}
	EndGlobalSection
EndGlobal
