
Microsoft Visual Studio Solution File, Format Version 12.00
# Visual Studio Version 17
VisualStudioVersion = 17.6.33829.357
MinimumVisualStudioVersion = 10.0.40219.1
Project("{FAE04EC0-301F-11D3-BF4B-00C04F79EFBC}") = "AssignmentAPI", "AssignmentAPI\AssignmentAPI.csproj", "{357DF47E-9568-4DBF-84C0-C9BE39728FF2}"
EndProject
Global
	GlobalSection(SolutionConfigurationPlatforms) = preSolution
		Debug|Any CPU = Debug|Any CPU
		Release|Any CPU = Release|Any CPU
	EndGlobalSection
	GlobalSection(ProjectConfigurationPlatforms) = postSolution
		{357DF47E-9568-4DBF-84C0-C9BE39728FF2}.Debug|Any CPU.ActiveCfg = Debug|Any CPU
		{357DF47E-9568-4DBF-84C0-C9BE39728FF2}.Debug|Any CPU.Build.0 = Debug|Any CPU
		{357DF47E-9568-4DBF-84C0-C9BE39728FF2}.Release|Any CPU.ActiveCfg = Release|Any CPU
		{357DF47E-9568-4DBF-84C0-C9BE39728FF2}.Release|Any CPU.Build.0 = Release|Any CPU
	EndGlobalSection
	GlobalSection(SolutionProperties) = preSolution
		HideSolutionNode = FALSE
	EndGlobalSection
	GlobalSection(ExtensibilityGlobals) = postSolution
		SolutionGuid = {FF43FBB1-089A-4C26-99A0-2B459F2AD8AB}
	EndGlobalSection
EndGlobal
