
Microsoft Visual Studio Solution File, Format Version 12.00
# Visual Studio Version 17
VisualStudioVersion = 17.6.33829.357
MinimumVisualStudioVersion = 10.0.40219.1
Project("{FAE04EC0-301F-11D3-BF4B-00C04F79EFBC}") = "ass1", "ass1\ass1.csproj", "{47D49DAE-45D9-4216-9C8B-F612F565BB9D}"
EndProject
Global
	GlobalSection(SolutionConfigurationPlatforms) = preSolution
		Debug|Any CPU = Debug|Any CPU
		Release|Any CPU = Release|Any CPU
	EndGlobalSection
	GlobalSection(ProjectConfigurationPlatforms) = postSolution
		{47D49DAE-45D9-4216-9C8B-F612F565BB9D}.Debug|Any CPU.ActiveCfg = Debug|Any CPU
		{47D49DAE-45D9-4216-9C8B-F612F565BB9D}.Debug|Any CPU.Build.0 = Debug|Any CPU
		{47D49DAE-45D9-4216-9C8B-F612F565BB9D}.Release|Any CPU.ActiveCfg = Release|Any CPU
		{47D49DAE-45D9-4216-9C8B-F612F565BB9D}.Release|Any CPU.Build.0 = Release|Any CPU
	EndGlobalSection
	GlobalSection(SolutionProperties) = preSolution
		HideSolutionNode = FALSE
	EndGlobalSection
	GlobalSection(ExtensibilityGlobals) = postSolution
		SolutionGuid = {52FB9889-D373-4355-9D99-D24A5B12CCAC}
	EndGlobalSection
EndGlobal
